// !$*UTF8*$!
{
	archiveVersion = 1;
	classes = {
	};
	objectVersion = 56;
	objects = {

/* Begin PBXBuildFile section */
		C55658B92C7F7607006F6C80 /* DetailScreenView.swift in Sources */ = {isa = PBXBuildFile; fileRef = C55658B82C7F7607006F6C80 /* DetailScreenView.swift */; };
		C58C55932C7F8A9800F3CB06 /* DetailScreenPresenter.swift in Sources */ = {isa = PBXBuildFile; fileRef = C58C55922C7F8A9800F3CB06 /* DetailScreenPresenter.swift */; };
		C58C55952C7F8BEB00F3CB06 /* DetailScreenViewController.swift in Sources */ = {isa = PBXBuildFile; fileRef = C58C55942C7F8BEB00F3CB06 /* DetailScreenViewController.swift */; };
		C58C55972C7FBDFB00F3CB06 /* TextFieldFactory.swift in Sources */ = {isa = PBXBuildFile; fileRef = C58C55962C7FBDFB00F3CB06 /* TextFieldFactory.swift */; };
		C597134D2C80BD330099F30B /* DetailScreenEnum.swift in Sources */ = {isa = PBXBuildFile; fileRef = C597134C2C80BD330099F30B /* DetailScreenEnum.swift */; };
		C5BE0DBF2C7A019D00F0E7B9 /* AppDelegate.swift in Sources */ = {isa = PBXBuildFile; fileRef = C5BE0DBE2C7A019D00F0E7B9 /* AppDelegate.swift */; };
		C5BE0DC12C7A019D00F0E7B9 /* SceneDelegate.swift in Sources */ = {isa = PBXBuildFile; fileRef = C5BE0DC02C7A019D00F0E7B9 /* SceneDelegate.swift */; };
		C5BE0DC32C7A019D00F0E7B9 /* MainScreenViewController.swift in Sources */ = {isa = PBXBuildFile; fileRef = C5BE0DC22C7A019D00F0E7B9 /* MainScreenViewController.swift */; };
		C5BE0DC92C7A019D00F0E7B9 /* NoteAppTestTask.xcdatamodeld in Sources */ = {isa = PBXBuildFile; fileRef = C5BE0DC72C7A019D00F0E7B9 /* NoteAppTestTask.xcdatamodeld */; };
		C5BE0DCB2C7A01A100F0E7B9 /* Assets.xcassets in Resources */ = {isa = PBXBuildFile; fileRef = C5BE0DCA2C7A01A100F0E7B9 /* Assets.xcassets */; };
		C5BE0DCE2C7A01A100F0E7B9 /* Base in Resources */ = {isa = PBXBuildFile; fileRef = C5BE0DCD2C7A01A100F0E7B9 /* Base */; };
		C5BE0DDB2C7A050100F0E7B9 /* NoteCollectionViewCell.swift in Sources */ = {isa = PBXBuildFile; fileRef = C5BE0DDA2C7A050100F0E7B9 /* NoteCollectionViewCell.swift */; };
		C5BE0DDD2C7A053E00F0E7B9 /* LabelFactory.swift in Sources */ = {isa = PBXBuildFile; fileRef = C5BE0DDC2C7A053E00F0E7B9 /* LabelFactory.swift */; };
		C5BE0DE02C7A059D00F0E7B9 /* StackFactory.swift in Sources */ = {isa = PBXBuildFile; fileRef = C5BE0DDF2C7A059D00F0E7B9 /* StackFactory.swift */; };
		C5BE0DE22C7A129500F0E7B9 /* ViewFactory.swift in Sources */ = {isa = PBXBuildFile; fileRef = C5BE0DE12C7A129500F0E7B9 /* ViewFactory.swift */; };
		C5BE0DE42C7A156200F0E7B9 /* MainScreenView.swift in Sources */ = {isa = PBXBuildFile; fileRef = C5BE0DE32C7A156200F0E7B9 /* MainScreenView.swift */; };
		C5BE0DE62C7A18C600F0E7B9 /* NoteCollectionDataSource.swift in Sources */ = {isa = PBXBuildFile; fileRef = C5BE0DE52C7A18C600F0E7B9 /* NoteCollectionDataSource.swift */; };
		C5BE0DEA2C7A1AEB00F0E7B9 /* NoteCollectionDelegate.swift in Sources */ = {isa = PBXBuildFile; fileRef = C5BE0DE92C7A1AEB00F0E7B9 /* NoteCollectionDelegate.swift */; };
		C5BE0DEC2C7A224400F0E7B9 /* MainScreenPresenter.swift in Sources */ = {isa = PBXBuildFile; fileRef = C5BE0DEB2C7A224400F0E7B9 /* MainScreenPresenter.swift */; };
		C5BE0DF02C7A365100F0E7B9 /* MainScreenEnum.swift in Sources */ = {isa = PBXBuildFile; fileRef = C5BE0DEF2C7A365100F0E7B9 /* MainScreenEnum.swift */; };
		C5BE0DF72C7A3C2A00F0E7B9 /* AddNotesScreenView.swift in Sources */ = {isa = PBXBuildFile; fileRef = C5BE0DF62C7A3C2A00F0E7B9 /* AddNotesScreenView.swift */; };
		C5BF9CE52C7DFFC800A82782 /* ButtonFactory.swift in Sources */ = {isa = PBXBuildFile; fileRef = C5BF9CE42C7DFFC800A82782 /* ButtonFactory.swift */; };
		C5BF9CE92C7E039300A82782 /* TextViewFactory.swift in Sources */ = {isa = PBXBuildFile; fileRef = C5BF9CE82C7E039300A82782 /* TextViewFactory.swift */; };
		C5BF9CEB2C7E08E500A82782 /* AddNotesScreenViewController.swift in Sources */ = {isa = PBXBuildFile; fileRef = C5BF9CEA2C7E08E500A82782 /* AddNotesScreenViewController.swift */; };
		C5BF9CEE2C7E091B00A82782 /* AddNotesScreenPresenter.swift in Sources */ = {isa = PBXBuildFile; fileRef = C5BF9CED2C7E091B00A82782 /* AddNotesScreenPresenter.swift */; };
		C5BF9CF12C7E1DF500A82782 /* NoteStruct.swift in Sources */ = {isa = PBXBuildFile; fileRef = C5BF9CF02C7E1DF500A82782 /* NoteStruct.swift */; };
		C5BF9CF32C7E4DAC00A82782 /* AddNotesScreenEnum.swift in Sources */ = {isa = PBXBuildFile; fileRef = C5BF9CF22C7E4DAC00A82782 /* AddNotesScreenEnum.swift */; };
/* End PBXBuildFile section */

/* Begin PBXFileReference section */
		C55658B82C7F7607006F6C80 /* DetailScreenView.swift */ = {isa = PBXFileReference; lastKnownFileType = sourcecode.swift; path = DetailScreenView.swift; sourceTree = "<group>"; };
		C58C55922C7F8A9800F3CB06 /* DetailScreenPresenter.swift */ = {isa = PBXFileReference; lastKnownFileType = sourcecode.swift; path = DetailScreenPresenter.swift; sourceTree = "<group>"; };
		C58C55942C7F8BEB00F3CB06 /* DetailScreenViewController.swift */ = {isa = PBXFileReference; lastKnownFileType = sourcecode.swift; path = DetailScreenViewController.swift; sourceTree = "<group>"; };
		C58C55962C7FBDFB00F3CB06 /* TextFieldFactory.swift */ = {isa = PBXFileReference; lastKnownFileType = sourcecode.swift; path = TextFieldFactory.swift; sourceTree = "<group>"; };
		C597134C2C80BD330099F30B /* DetailScreenEnum.swift */ = {isa = PBXFileReference; lastKnownFileType = sourcecode.swift; path = DetailScreenEnum.swift; sourceTree = "<group>"; };
		C5BE0DBB2C7A019D00F0E7B9 /* NoteAppTestTask.app */ = {isa = PBXFileReference; explicitFileType = wrapper.application; includeInIndex = 0; path = NoteAppTestTask.app; sourceTree = BUILT_PRODUCTS_DIR; };
		C5BE0DBE2C7A019D00F0E7B9 /* AppDelegate.swift */ = {isa = PBXFileReference; lastKnownFileType = sourcecode.swift; path = AppDelegate.swift; sourceTree = "<group>"; };
		C5BE0DC02C7A019D00F0E7B9 /* SceneDelegate.swift */ = {isa = PBXFileReference; lastKnownFileType = sourcecode.swift; path = SceneDelegate.swift; sourceTree = "<group>"; };
		C5BE0DC22C7A019D00F0E7B9 /* MainScreenViewController.swift */ = {isa = PBXFileReference; lastKnownFileType = sourcecode.swift; path = MainScreenViewController.swift; sourceTree = "<group>"; };
		C5BE0DC82C7A019D00F0E7B9 /* NoteAppTestTask.xcdatamodel */ = {isa = PBXFileReference; lastKnownFileType = wrapper.xcdatamodel; path = NoteAppTestTask.xcdatamodel; sourceTree = "<group>"; };
		C5BE0DCA2C7A01A100F0E7B9 /* Assets.xcassets */ = {isa = PBXFileReference; lastKnownFileType = folder.assetcatalog; path = Assets.xcassets; sourceTree = "<group>"; };
		C5BE0DCD2C7A01A100F0E7B9 /* Base */ = {isa = PBXFileReference; lastKnownFileType = file.storyboard; name = Base; path = Base.lproj/LaunchScreen.storyboard; sourceTree = "<group>"; };
		C5BE0DCF2C7A01A100F0E7B9 /* Info.plist */ = {isa = PBXFileReference; lastKnownFileType = text.plist.xml; path = Info.plist; sourceTree = "<group>"; };
		C5BE0DDA2C7A050100F0E7B9 /* NoteCollectionViewCell.swift */ = {isa = PBXFileReference; lastKnownFileType = sourcecode.swift; path = NoteCollectionViewCell.swift; sourceTree = "<group>"; };
		C5BE0DDC2C7A053E00F0E7B9 /* LabelFactory.swift */ = {isa = PBXFileReference; lastKnownFileType = sourcecode.swift; path = LabelFactory.swift; sourceTree = "<group>"; };
		C5BE0DDF2C7A059D00F0E7B9 /* StackFactory.swift */ = {isa = PBXFileReference; lastKnownFileType = sourcecode.swift; path = StackFactory.swift; sourceTree = "<group>"; };
		C5BE0DE12C7A129500F0E7B9 /* ViewFactory.swift */ = {isa = PBXFileReference; lastKnownFileType = sourcecode.swift; path = ViewFactory.swift; sourceTree = "<group>"; };
		C5BE0DE32C7A156200F0E7B9 /* MainScreenView.swift */ = {isa = PBXFileReference; lastKnownFileType = sourcecode.swift; path = MainScreenView.swift; sourceTree = "<group>"; };
		C5BE0DE52C7A18C600F0E7B9 /* NoteCollectionDataSource.swift */ = {isa = PBXFileReference; lastKnownFileType = sourcecode.swift; path = NoteCollectionDataSource.swift; sourceTree = "<group>"; };
		C5BE0DE92C7A1AEB00F0E7B9 /* NoteCollectionDelegate.swift */ = {isa = PBXFileReference; lastKnownFileType = sourcecode.swift; path = NoteCollectionDelegate.swift; sourceTree = "<group>"; };
		C5BE0DEB2C7A224400F0E7B9 /* MainScreenPresenter.swift */ = {isa = PBXFileReference; lastKnownFileType = sourcecode.swift; path = MainScreenPresenter.swift; sourceTree = "<group>"; };
		C5BE0DEF2C7A365100F0E7B9 /* MainScreenEnum.swift */ = {isa = PBXFileReference; lastKnownFileType = sourcecode.swift; path = MainScreenEnum.swift; sourceTree = "<group>"; };
		C5BE0DF62C7A3C2A00F0E7B9 /* AddNotesScreenView.swift */ = {isa = PBXFileReference; lastKnownFileType = sourcecode.swift; path = AddNotesScreenView.swift; sourceTree = "<group>"; };
		C5BF9CE42C7DFFC800A82782 /* ButtonFactory.swift */ = {isa = PBXFileReference; lastKnownFileType = sourcecode.swift; path = ButtonFactory.swift; sourceTree = "<group>"; };
		C5BF9CE82C7E039300A82782 /* TextViewFactory.swift */ = {isa = PBXFileReference; lastKnownFileType = sourcecode.swift; path = TextViewFactory.swift; sourceTree = "<group>"; };
		C5BF9CEA2C7E08E500A82782 /* AddNotesScreenViewController.swift */ = {isa = PBXFileReference; lastKnownFileType = sourcecode.swift; path = AddNotesScreenViewController.swift; sourceTree = "<group>"; };
		C5BF9CED2C7E091B00A82782 /* AddNotesScreenPresenter.swift */ = {isa = PBXFileReference; lastKnownFileType = sourcecode.swift; path = AddNotesScreenPresenter.swift; sourceTree = "<group>"; };
		C5BF9CF02C7E1DF500A82782 /* NoteStruct.swift */ = {isa = PBXFileReference; lastKnownFileType = sourcecode.swift; path = NoteStruct.swift; sourceTree = "<group>"; };
		C5BF9CF22C7E4DAC00A82782 /* AddNotesScreenEnum.swift */ = {isa = PBXFileReference; lastKnownFileType = sourcecode.swift; path = AddNotesScreenEnum.swift; sourceTree = "<group>"; };
/* End PBXFileReference section */

/* Begin PBXFrameworksBuildPhase section */
		C5BE0DB82C7A019D00F0E7B9 /* Frameworks */ = {
			isa = PBXFrameworksBuildPhase;
			buildActionMask = 2147483647;
			files = (
			);
			runOnlyForDeploymentPostprocessing = 0;
		};
/* End PBXFrameworksBuildPhase section */

/* Begin PBXGroup section */
		C55658BA2C7F760E006F6C80 /* DetailScreen */ = {
			isa = PBXGroup;
			children = (
				C55658BB2C7F761D006F6C80 /* View */,
				C58C55922C7F8A9800F3CB06 /* DetailScreenPresenter.swift */,
			);
			path = DetailScreen;
			sourceTree = "<group>";
		};
		C55658BB2C7F761D006F6C80 /* View */ = {
			isa = PBXGroup;
			children = (
				C58C55942C7F8BEB00F3CB06 /* DetailScreenViewController.swift */,
				C55658B82C7F7607006F6C80 /* DetailScreenView.swift */,
			);
			path = View;
			sourceTree = "<group>";
		};
		C5BE0DB22C7A019D00F0E7B9 = {
			isa = PBXGroup;
			children = (
				C5BE0DBD2C7A019D00F0E7B9 /* NoteAppTestTask */,
				C5BE0DBC2C7A019D00F0E7B9 /* Products */,
			);
			sourceTree = "<group>";
		};
		C5BE0DBC2C7A019D00F0E7B9 /* Products */ = {
			isa = PBXGroup;
			children = (
				C5BE0DBB2C7A019D00F0E7B9 /* NoteAppTestTask.app */,
			);
			name = Products;
			sourceTree = "<group>";
		};
		C5BE0DBD2C7A019D00F0E7B9 /* NoteAppTestTask */ = {
			isa = PBXGroup;
			children = (
				C5BE0DD52C7A042C00F0E7B9 /* Application */,
				C5BE0DEE2C7A363500F0E7B9 /* Enums */,
				C5BE0DD72C7A044C00F0E7B9 /* Model */,
				C5BE0DD82C7A045800F0E7B9 /* MainScreen */,
				C5BE0DF82C7A3C6A00F0E7B9 /* AddNotesScreen */,
				C55658BA2C7F760E006F6C80 /* DetailScreen */,
				C5BE0DDE2C7A054800F0E7B9 /* Factory */,
				C5BE0DD62C7A043C00F0E7B9 /* Resourses */,
			);
			path = NoteAppTestTask;
			sourceTree = "<group>";
		};
		C5BE0DD52C7A042C00F0E7B9 /* Application */ = {
			isa = PBXGroup;
			children = (
				C5BE0DBE2C7A019D00F0E7B9 /* AppDelegate.swift */,
				C5BE0DC02C7A019D00F0E7B9 /* SceneDelegate.swift */,
			);
			path = Application;
			sourceTree = "<group>";
		};
		C5BE0DD62C7A043C00F0E7B9 /* Resourses */ = {
			isa = PBXGroup;
			children = (
				C5BE0DCA2C7A01A100F0E7B9 /* Assets.xcassets */,
				C5BE0DCC2C7A01A100F0E7B9 /* LaunchScreen.storyboard */,
				C5BE0DCF2C7A01A100F0E7B9 /* Info.plist */,
			);
			path = Resourses;
			sourceTree = "<group>";
		};
		C5BE0DD72C7A044C00F0E7B9 /* Model */ = {
			isa = PBXGroup;
			children = (
				C5BE0DC72C7A019D00F0E7B9 /* NoteAppTestTask.xcdatamodeld */,
				C5BF9CF02C7E1DF500A82782 /* NoteStruct.swift */,
			);
			path = Model;
			sourceTree = "<group>";
		};
		C5BE0DD82C7A045800F0E7B9 /* MainScreen */ = {
			isa = PBXGroup;
			children = (
				C5BE0DE72C7A1A8100F0E7B9 /* Model */,
				C5BE0DD92C7A049300F0E7B9 /* View */,
				C5BE0DED2C7A224C00F0E7B9 /* Presenter */,
			);
			path = MainScreen;
			sourceTree = "<group>";
		};
		C5BE0DD92C7A049300F0E7B9 /* View */ = {
			isa = PBXGroup;
			children = (
				C5BE0DC22C7A019D00F0E7B9 /* MainScreenViewController.swift */,
				C5BE0DE82C7A1A8A00F0E7B9 /* View */,
			);
			path = View;
			sourceTree = "<group>";
		};
		C5BE0DDE2C7A054800F0E7B9 /* Factory */ = {
			isa = PBXGroup;
			children = (
				C5BE0DDC2C7A053E00F0E7B9 /* LabelFactory.swift */,
				C5BE0DDF2C7A059D00F0E7B9 /* StackFactory.swift */,
				C5BE0DE12C7A129500F0E7B9 /* ViewFactory.swift */,
				C5BF9CE42C7DFFC800A82782 /* ButtonFactory.swift */,
				C58C55962C7FBDFB00F3CB06 /* TextFieldFactory.swift */,
				C5BF9CE82C7E039300A82782 /* TextViewFactory.swift */,
			);
			path = Factory;
			sourceTree = "<group>";
		};
		C5BE0DE72C7A1A8100F0E7B9 /* Model */ = {
			isa = PBXGroup;
			children = (
				C5BE0DE52C7A18C600F0E7B9 /* NoteCollectionDataSource.swift */,
				C5BE0DE92C7A1AEB00F0E7B9 /* NoteCollectionDelegate.swift */,
			);
			path = Model;
			sourceTree = "<group>";
		};
		C5BE0DE82C7A1A8A00F0E7B9 /* View */ = {
			isa = PBXGroup;
			children = (
				C5BE0DE32C7A156200F0E7B9 /* MainScreenView.swift */,
				C5BE0DDA2C7A050100F0E7B9 /* NoteCollectionViewCell.swift */,
			);
			path = View;
			sourceTree = "<group>";
		};
		C5BE0DED2C7A224C00F0E7B9 /* Presenter */ = {
			isa = PBXGroup;
			children = (
				C5BE0DEB2C7A224400F0E7B9 /* MainScreenPresenter.swift */,
			);
			path = Presenter;
			sourceTree = "<group>";
		};
		C5BE0DEE2C7A363500F0E7B9 /* Enums */ = {
			isa = PBXGroup;
			children = (
				C5BE0DEF2C7A365100F0E7B9 /* MainScreenEnum.swift */,
				C5BF9CF22C7E4DAC00A82782 /* AddNotesScreenEnum.swift */,
				C597134C2C80BD330099F30B /* DetailScreenEnum.swift */,
			);
			path = Enums;
			sourceTree = "<group>";
		};
		C5BE0DF82C7A3C6A00F0E7B9 /* AddNotesScreen */ = {
			isa = PBXGroup;
			children = (
				C5BF9CEC2C7E090800A82782 /* View */,
				C5BF9CEF2C7E094D00A82782 /* Presenter */,
			);
			path = AddNotesScreen;
			sourceTree = "<group>";
		};
		C5BF9CEC2C7E090800A82782 /* View */ = {
			isa = PBXGroup;
			children = (
				C5BF9CEA2C7E08E500A82782 /* AddNotesScreenViewController.swift */,
				C5BE0DF62C7A3C2A00F0E7B9 /* AddNotesScreenView.swift */,
			);
			path = View;
			sourceTree = "<group>";
		};
		C5BF9CEF2C7E094D00A82782 /* Presenter */ = {
			isa = PBXGroup;
			children = (
				C5BF9CED2C7E091B00A82782 /* AddNotesScreenPresenter.swift */,
			);
			path = Presenter;
			sourceTree = "<group>";
		};
/* End PBXGroup section */

/* Begin PBXNativeTarget section */
		C5BE0DBA2C7A019D00F0E7B9 /* NoteAppTestTask */ = {
			isa = PBXNativeTarget;
			buildConfigurationList = C5BE0DD22C7A01A100F0E7B9 /* Build configuration list for PBXNativeTarget "NoteAppTestTask" */;
			buildPhases = (
				C5BE0DB72C7A019D00F0E7B9 /* Sources */,
				C5BE0DB82C7A019D00F0E7B9 /* Frameworks */,
				C5BE0DB92C7A019D00F0E7B9 /* Resources */,
			);
			buildRules = (
			);
			dependencies = (
			);
			name = NoteAppTestTask;
			productName = NoteAppTestTask;
			productReference = C5BE0DBB2C7A019D00F0E7B9 /* NoteAppTestTask.app */;
			productType = "com.apple.product-type.application";
		};
/* End PBXNativeTarget section */

/* Begin PBXProject section */
		C5BE0DB32C7A019D00F0E7B9 /* Project object */ = {
			isa = PBXProject;
			attributes = {
				BuildIndependentTargetsInParallel = 1;
				LastSwiftUpdateCheck = 1540;
				LastUpgradeCheck = 1540;
				TargetAttributes = {
					C5BE0DBA2C7A019D00F0E7B9 = {
						CreatedOnToolsVersion = 15.4;
					};
				};
			};
			buildConfigurationList = C5BE0DB62C7A019D00F0E7B9 /* Build configuration list for PBXProject "NoteAppTestTask" */;
			compatibilityVersion = "Xcode 14.0";
			developmentRegion = en;
			hasScannedForEncodings = 0;
			knownRegions = (
				en,
				Base,
			);
			mainGroup = C5BE0DB22C7A019D00F0E7B9;
			productRefGroup = C5BE0DBC2C7A019D00F0E7B9 /* Products */;
			projectDirPath = "";
			projectRoot = "";
			targets = (
				C5BE0DBA2C7A019D00F0E7B9 /* NoteAppTestTask */,
			);
		};
/* End PBXProject section */

/* Begin PBXResourcesBuildPhase section */
		C5BE0DB92C7A019D00F0E7B9 /* Resources */ = {
			isa = PBXResourcesBuildPhase;
			buildActionMask = 2147483647;
			files = (
				C5BE0DCB2C7A01A100F0E7B9 /* Assets.xcassets in Resources */,
				C5BE0DCE2C7A01A100F0E7B9 /* Base in Resources */,
			);
			runOnlyForDeploymentPostprocessing = 0;
		};
/* End PBXResourcesBuildPhase section */

/* Begin PBXSourcesBuildPhase section */
		C5BE0DB72C7A019D00F0E7B9 /* Sources */ = {
			isa = PBXSourcesBuildPhase;
			buildActionMask = 2147483647;
			files = (
				C55658B92C7F7607006F6C80 /* DetailScreenView.swift in Sources */,
				C5BE0DC32C7A019D00F0E7B9 /* MainScreenViewController.swift in Sources */,
				C5BE0DBF2C7A019D00F0E7B9 /* AppDelegate.swift in Sources */,
				C5BE0DDB2C7A050100F0E7B9 /* NoteCollectionViewCell.swift in Sources */,
				C58C55952C7F8BEB00F3CB06 /* DetailScreenViewController.swift in Sources */,
				C5BE0DDD2C7A053E00F0E7B9 /* LabelFactory.swift in Sources */,
				C5BE0DE62C7A18C600F0E7B9 /* NoteCollectionDataSource.swift in Sources */,
				C5BE0DEC2C7A224400F0E7B9 /* MainScreenPresenter.swift in Sources */,
				C5BF9CE52C7DFFC800A82782 /* ButtonFactory.swift in Sources */,
				C58C55932C7F8A9800F3CB06 /* DetailScreenPresenter.swift in Sources */,
				C5BE0DE42C7A156200F0E7B9 /* MainScreenView.swift in Sources */,
				C597134D2C80BD330099F30B /* DetailScreenEnum.swift in Sources */,
				C5BE0DEA2C7A1AEB00F0E7B9 /* NoteCollectionDelegate.swift in Sources */,
				C5BF9CF12C7E1DF500A82782 /* NoteStruct.swift in Sources */,
				C5BE0DC92C7A019D00F0E7B9 /* NoteAppTestTask.xcdatamodeld in Sources */,
				C5BE0DC12C7A019D00F0E7B9 /* SceneDelegate.swift in Sources */,
				C5BF9CE92C7E039300A82782 /* TextViewFactory.swift in Sources */,
				C5BE0DF72C7A3C2A00F0E7B9 /* AddNotesScreenView.swift in Sources */,
				C5BF9CF32C7E4DAC00A82782 /* AddNotesScreenEnum.swift in Sources */,
				C5BF9CEE2C7E091B00A82782 /* AddNotesScreenPresenter.swift in Sources */,
				C5BF9CEB2C7E08E500A82782 /* AddNotesScreenViewController.swift in Sources */,
				C5BE0DE02C7A059D00F0E7B9 /* StackFactory.swift in Sources */,
				C58C55972C7FBDFB00F3CB06 /* TextFieldFactory.swift in Sources */,
				C5BE0DE22C7A129500F0E7B9 /* ViewFactory.swift in Sources */,
				C5BE0DF02C7A365100F0E7B9 /* MainScreenEnum.swift in Sources */,
			);
			runOnlyForDeploymentPostprocessing = 0;
		};
/* End PBXSourcesBuildPhase section */

/* Begin PBXVariantGroup section */
		C5BE0DCC2C7A01A100F0E7B9 /* LaunchScreen.storyboard */ = {
			isa = PBXVariantGroup;
			children = (
				C5BE0DCD2C7A01A100F0E7B9 /* Base */,
			);
			name = LaunchScreen.storyboard;
			sourceTree = "<group>";
		};
/* End PBXVariantGroup section */

/* Begin XCBuildConfiguration section */
		C5BE0DD02C7A01A100F0E7B9 /* Debug */ = {
			isa = XCBuildConfiguration;
			buildSettings = {
				ALWAYS_SEARCH_USER_PATHS = NO;
				ASSETCATALOG_COMPILER_GENERATE_SWIFT_ASSET_SYMBOL_EXTENSIONS = YES;
				CLANG_ANALYZER_NONNULL = YES;
				CLANG_ANALYZER_NUMBER_OBJECT_CONVERSION = YES_AGGRESSIVE;
				CLANG_CXX_LANGUAGE_STANDARD = "gnu++20";
				CLANG_ENABLE_MODULES = YES;
				CLANG_ENABLE_OBJC_ARC = YES;
				CLANG_ENABLE_OBJC_WEAK = YES;
				CLANG_WARN_BLOCK_CAPTURE_AUTORELEASING = YES;
				CLANG_WARN_BOOL_CONVERSION = YES;
				CLANG_WARN_COMMA = YES;
				CLANG_WARN_CONSTANT_CONVERSION = YES;
				CLANG_WARN_DEPRECATED_OBJC_IMPLEMENTATIONS = YES;
				CLANG_WARN_DIRECT_OBJC_ISA_USAGE = YES_ERROR;
				CLANG_WARN_DOCUMENTATION_COMMENTS = YES;
				CLANG_WARN_EMPTY_BODY = YES;
				CLANG_WARN_ENUM_CONVERSION = YES;
				CLANG_WARN_INFINITE_RECURSION = YES;
				CLANG_WARN_INT_CONVERSION = YES;
				CLANG_WARN_NON_LITERAL_NULL_CONVERSION = YES;
				CLANG_WARN_OBJC_IMPLICIT_RETAIN_SELF = YES;
				CLANG_WARN_OBJC_LITERAL_CONVERSION = YES;
				CLANG_WARN_OBJC_ROOT_CLASS = YES_ERROR;
				CLANG_WARN_QUOTED_INCLUDE_IN_FRAMEWORK_HEADER = YES;
				CLANG_WARN_RANGE_LOOP_ANALYSIS = YES;
				CLANG_WARN_STRICT_PROTOTYPES = YES;
				CLANG_WARN_SUSPICIOUS_MOVE = YES;
				CLANG_WARN_UNGUARDED_AVAILABILITY = YES_AGGRESSIVE;
				CLANG_WARN_UNREACHABLE_CODE = YES;
				CLANG_WARN__DUPLICATE_METHOD_MATCH = YES;
				COPY_PHASE_STRIP = NO;
				DEBUG_INFORMATION_FORMAT = dwarf;
				ENABLE_STRICT_OBJC_MSGSEND = YES;
				ENABLE_TESTABILITY = YES;
				ENABLE_USER_SCRIPT_SANDBOXING = YES;
				GCC_C_LANGUAGE_STANDARD = gnu17;
				GCC_DYNAMIC_NO_PIC = NO;
				GCC_NO_COMMON_BLOCKS = YES;
				GCC_OPTIMIZATION_LEVEL = 0;
				GCC_PREPROCESSOR_DEFINITIONS = (
					"DEBUG=1",
					"$(inherited)",
				);
				GCC_WARN_64_TO_32_BIT_CONVERSION = YES;
				GCC_WARN_ABOUT_RETURN_TYPE = YES_ERROR;
				GCC_WARN_UNDECLARED_SELECTOR = YES;
				GCC_WARN_UNINITIALIZED_AUTOS = YES_AGGRESSIVE;
				GCC_WARN_UNUSED_FUNCTION = YES;
				GCC_WARN_UNUSED_VARIABLE = YES;
				IPHONEOS_DEPLOYMENT_TARGET = 17.5;
				LOCALIZATION_PREFERS_STRING_CATALOGS = YES;
				MTL_ENABLE_DEBUG_INFO = INCLUDE_SOURCE;
				MTL_FAST_MATH = YES;
				ONLY_ACTIVE_ARCH = YES;
				SDKROOT = iphoneos;
				SWIFT_ACTIVE_COMPILATION_CONDITIONS = "DEBUG $(inherited)";
				SWIFT_OPTIMIZATION_LEVEL = "-Onone";
			};
			name = Debug;
		};
		C5BE0DD12C7A01A100F0E7B9 /* Release */ = {
			isa = XCBuildConfiguration;
			buildSettings = {
				ALWAYS_SEARCH_USER_PATHS = NO;
				ASSETCATALOG_COMPILER_GENERATE_SWIFT_ASSET_SYMBOL_EXTENSIONS = YES;
				CLANG_ANALYZER_NONNULL = YES;
				CLANG_ANALYZER_NUMBER_OBJECT_CONVERSION = YES_AGGRESSIVE;
				CLANG_CXX_LANGUAGE_STANDARD = "gnu++20";
				CLANG_ENABLE_MODULES = YES;
				CLANG_ENABLE_OBJC_ARC = YES;
				CLANG_ENABLE_OBJC_WEAK = YES;
				CLANG_WARN_BLOCK_CAPTURE_AUTORELEASING = YES;
				CLANG_WARN_BOOL_CONVERSION = YES;
				CLANG_WARN_COMMA = YES;
				CLANG_WARN_CONSTANT_CONVERSION = YES;
				CLANG_WARN_DEPRECATED_OBJC_IMPLEMENTATIONS = YES;
				CLANG_WARN_DIRECT_OBJC_ISA_USAGE = YES_ERROR;
				CLANG_WARN_DOCUMENTATION_COMMENTS = YES;
				CLANG_WARN_EMPTY_BODY = YES;
				CLANG_WARN_ENUM_CONVERSION = YES;
				CLANG_WARN_INFINITE_RECURSION = YES;
				CLANG_WARN_INT_CONVERSION = YES;
				CLANG_WARN_NON_LITERAL_NULL_CONVERSION = YES;
				CLANG_WARN_OBJC_IMPLICIT_RETAIN_SELF = YES;
				CLANG_WARN_OBJC_LITERAL_CONVERSION = YES;
				CLANG_WARN_OBJC_ROOT_CLASS = YES_ERROR;
				CLANG_WARN_QUOTED_INCLUDE_IN_FRAMEWORK_HEADER = YES;
				CLANG_WARN_RANGE_LOOP_ANALYSIS = YES;
				CLANG_WARN_STRICT_PROTOTYPES = YES;
				CLANG_WARN_SUSPICIOUS_MOVE = YES;
				CLANG_WARN_UNGUARDED_AVAILABILITY = YES_AGGRESSIVE;
				CLANG_WARN_UNREACHABLE_CODE = YES;
				CLANG_WARN__DUPLICATE_METHOD_MATCH = YES;
				COPY_PHASE_STRIP = NO;
				DEBUG_INFORMATION_FORMAT = "dwarf-with-dsym";
				ENABLE_NS_ASSERTIONS = NO;
				ENABLE_STRICT_OBJC_MSGSEND = YES;
				ENABLE_USER_SCRIPT_SANDBOXING = YES;
				GCC_C_LANGUAGE_STANDARD = gnu17;
				GCC_NO_COMMON_BLOCKS = YES;
				GCC_WARN_64_TO_32_BIT_CONVERSION = YES;
				GCC_WARN_ABOUT_RETURN_TYPE = YES_ERROR;
				GCC_WARN_UNDECLARED_SELECTOR = YES;
				GCC_WARN_UNINITIALIZED_AUTOS = YES_AGGRESSIVE;
				GCC_WARN_UNUSED_FUNCTION = YES;
				GCC_WARN_UNUSED_VARIABLE = YES;
				IPHONEOS_DEPLOYMENT_TARGET = 17.5;
				LOCALIZATION_PREFERS_STRING_CATALOGS = YES;
				MTL_ENABLE_DEBUG_INFO = NO;
				MTL_FAST_MATH = YES;
				SDKROOT = iphoneos;
				SWIFT_COMPILATION_MODE = wholemodule;
				VALIDATE_PRODUCT = YES;
			};
			name = Release;
		};
		C5BE0DD32C7A01A100F0E7B9 /* Debug */ = {
			isa = XCBuildConfiguration;
			buildSettings = {
				ASSETCATALOG_COMPILER_APPICON_NAME = AppIcon;
				ASSETCATALOG_COMPILER_GLOBAL_ACCENT_COLOR_NAME = AccentColor;
				CODE_SIGN_STYLE = Automatic;
				CURRENT_PROJECT_VERSION = 1;
				DEVELOPMENT_TEAM = 45GX59UTNT;
				GENERATE_INFOPLIST_FILE = YES;
				INFOPLIST_FILE = NoteAppTestTask/Resourses/Info.plist;
				INFOPLIST_KEY_UIApplicationSupportsIndirectInputEvents = YES;
				INFOPLIST_KEY_UILaunchStoryboardName = LaunchScreen;
				INFOPLIST_KEY_UISupportedInterfaceOrientations = UIInterfaceOrientationPortrait;
				INFOPLIST_KEY_UISupportedInterfaceOrientations_iPad = "UIInterfaceOrientationLandscapeLeft UIInterfaceOrientationLandscapeRight UIInterfaceOrientationPortrait UIInterfaceOrientationPortraitUpsideDown";
				IPHONEOS_DEPLOYMENT_TARGET = 15.0;
				LD_RUNPATH_SEARCH_PATHS = (
					"$(inherited)",
					"@executable_path/Frameworks",
				);
				MARKETING_VERSION = 1.0;
				PRODUCT_BUNDLE_IDENTIFIER = com.emmaderbe.NoteAppTestTask;
				PRODUCT_NAME = "$(TARGET_NAME)";
				SUPPORTED_PLATFORMS = "iphoneos iphonesimulator";
				SUPPORTS_MACCATALYST = NO;
				SUPPORTS_MAC_DESIGNED_FOR_IPHONE_IPAD = NO;
				SUPPORTS_XR_DESIGNED_FOR_IPHONE_IPAD = NO;
				SWIFT_EMIT_LOC_STRINGS = YES;
				SWIFT_VERSION = 5.0;
				TARGETED_DEVICE_FAMILY = 1;
			};
			name = Debug;
		};
		C5BE0DD42C7A01A100F0E7B9 /* Release */ = {
			isa = XCBuildConfiguration;
			buildSettings = {
				ASSETCATALOG_COMPILER_APPICON_NAME = AppIcon;
				ASSETCATALOG_COMPILER_GLOBAL_ACCENT_COLOR_NAME = AccentColor;
				CODE_SIGN_STYLE = Automatic;
				CURRENT_PROJECT_VERSION = 1;
				DEVELOPMENT_TEAM = 45GX59UTNT;
				GENERATE_INFOPLIST_FILE = YES;
				INFOPLIST_FILE = NoteAppTestTask/Resourses/Info.plist;
				INFOPLIST_KEY_UIApplicationSupportsIndirectInputEvents = YES;
				INFOPLIST_KEY_UILaunchStoryboardName = LaunchScreen;
				INFOPLIST_KEY_UISupportedInterfaceOrientations = UIInterfaceOrientationPortrait;
				INFOPLIST_KEY_UISupportedInterfaceOrientations_iPad = "UIInterfaceOrientationLandscapeLeft UIInterfaceOrientationLandscapeRight UIInterfaceOrientationPortrait UIInterfaceOrientationPortraitUpsideDown";
				IPHONEOS_DEPLOYMENT_TARGET = 15.0;
				LD_RUNPATH_SEARCH_PATHS = (
					"$(inherited)",
					"@executable_path/Frameworks",
				);
				MARKETING_VERSION = 1.0;
				PRODUCT_BUNDLE_IDENTIFIER = com.emmaderbe.NoteAppTestTask;
				PRODUCT_NAME = "$(TARGET_NAME)";
				SUPPORTED_PLATFORMS = "iphoneos iphonesimulator";
				SUPPORTS_MACCATALYST = NO;
				SUPPORTS_MAC_DESIGNED_FOR_IPHONE_IPAD = NO;
				SUPPORTS_XR_DESIGNED_FOR_IPHONE_IPAD = NO;
				SWIFT_EMIT_LOC_STRINGS = YES;
				SWIFT_VERSION = 5.0;
				TARGETED_DEVICE_FAMILY = 1;
			};
			name = Release;
		};
/* End XCBuildConfiguration section */

/* Begin XCConfigurationList section */
		C5BE0DB62C7A019D00F0E7B9 /* Build configuration list for PBXProject "NoteAppTestTask" */ = {
			isa = XCConfigurationList;
			buildConfigurations = (
				C5BE0DD02C7A01A100F0E7B9 /* Debug */,
				C5BE0DD12C7A01A100F0E7B9 /* Release */,
			);
			defaultConfigurationIsVisible = 0;
			defaultConfigurationName = Release;
		};
		C5BE0DD22C7A01A100F0E7B9 /* Build configuration list for PBXNativeTarget "NoteAppTestTask" */ = {
			isa = XCConfigurationList;
			buildConfigurations = (
				C5BE0DD32C7A01A100F0E7B9 /* Debug */,
				C5BE0DD42C7A01A100F0E7B9 /* Release */,
			);
			defaultConfigurationIsVisible = 0;
			defaultConfigurationName = Release;
		};
/* End XCConfigurationList section */

/* Begin XCVersionGroup section */
		C5BE0DC72C7A019D00F0E7B9 /* NoteAppTestTask.xcdatamodeld */ = {
			isa = XCVersionGroup;
			children = (
				C5BE0DC82C7A019D00F0E7B9 /* NoteAppTestTask.xcdatamodel */,
			);
			currentVersion = C5BE0DC82C7A019D00F0E7B9 /* NoteAppTestTask.xcdatamodel */;
			path = NoteAppTestTask.xcdatamodeld;
			sourceTree = "<group>";
			versionGroupType = wrapper.xcdatamodel;
		};
/* End XCVersionGroup section */
	};
	rootObject = C5BE0DB32C7A019D00F0E7B9 /* Project object */;
}
